// !$*UTF8*$!
{
	archiveVersion = 1;
	classes = {
	};
	objectVersion = 50;
	objects = {

/* Begin PBXBuildFile section */
		B60C7EF826B41BDA008F2F6B /* AppDelegate.swift in Sources */ = {isa = PBXBuildFile; fileRef = B60C7EF726B41BDA008F2F6B /* AppDelegate.swift */; };
		B60C7EFA26B41BDA008F2F6B /* SceneDelegate.swift in Sources */ = {isa = PBXBuildFile; fileRef = B60C7EF926B41BDA008F2F6B /* SceneDelegate.swift */; };
		B60C7EFC26B41BDA008F2F6B /* ViewController.swift in Sources */ = {isa = PBXBuildFile; fileRef = B60C7EFB26B41BDA008F2F6B /* ViewController.swift */; };
		B60C7EFF26B41BDA008F2F6B /* Main.storyboard in Resources */ = {isa = PBXBuildFile; fileRef = B60C7EFD26B41BDA008F2F6B /* Main.storyboard */; };
		B60C7F0426B41BE3008F2F6B /* LaunchScreen.storyboard in Resources */ = {isa = PBXBuildFile; fileRef = B60C7F0226B41BE3008F2F6B /* LaunchScreen.storyboard */; };
		B60C7F0D26B4331C008F2F6B /* Viagem.swift in Sources */ = {isa = PBXBuildFile; fileRef = B60C7F0C26B4331C008F2F6B /* Viagem.swift */; };
		B60C7F1126B435A0008F2F6B /* ViagemDAO.swift in Sources */ = {isa = PBXBuildFile; fileRef = B60C7F1026B435A0008F2F6B /* ViagemDAO.swift */; };
		B60C7F1426B476C2008F2F6B /* TableViewCell.swift in Sources */ = {isa = PBXBuildFile; fileRef = B60C7F1326B476C1008F2F6B /* TableViewCell.swift */; };
		B64BD47226B95CF200E2BB66 /* PacotesViagemCollectionViewCell.swift in Sources */ = {isa = PBXBuildFile; fileRef = B64BD47126B95CF200E2BB66 /* PacotesViagemCollectionViewCell.swift */; };
		B66BB99F26B88654002F0E58 /* PacotesViagensViewController.swift in Sources */ = {isa = PBXBuildFile; fileRef = B66BB99E26B88654002F0E58 /* PacotesViagensViewController.swift */; };
		B670CA4C26B770BF00C50D96 /* Assets.xcassets in Resources */ = {isa = PBXBuildFile; fileRef = B670CA4B26B770BF00C50D96 /* Assets.xcassets */; };
		B6DA94E526BC0AEF00E9277E /* DetalhesViagensViewController.swift in Sources */ = {isa = PBXBuildFile; fileRef = B6DA94E426BC0AEF00E9277E /* DetalhesViagensViewController.swift */; };
		B6DA94E926BC1B6400E9277E /* PacoteViagem.swift in Sources */ = {isa = PBXBuildFile; fileRef = B6DA94E826BC1B6400E9277E /* PacoteViagem.swift */; };
		B6DA94FD26BC1EDB00E9277E /* icon_back.png in Resources */ = {isa = PBXBuildFile; fileRef = B6DA94EC26BC1EDB00E9277E /* icon_back.png */; };
		B6DA94FE26BC1EDB00E9277E /* icon_search@2x.png in Resources */ = {isa = PBXBuildFile; fileRef = B6DA94ED26BC1EDB00E9277E /* icon_search@2x.png */; };
		B6DA94FF26BC1EDB00E9277E /* icon_package@2x.png in Resources */ = {isa = PBXBuildFile; fileRef = B6DA94EE26BC1EDB00E9277E /* icon_package@2x.png */; };
		B6DA950026BC1EDB00E9277E /* img9.jpg in Resources */ = {isa = PBXBuildFile; fileRef = B6DA94EF26BC1EDB00E9277E /* img9.jpg */; };
		B6DA950126BC1EDB00E9277E /* img8.jpg in Resources */ = {isa = PBXBuildFile; fileRef = B6DA94F026BC1EDB00E9277E /* img8.jpg */; };
		B6DA950226BC1EDB00E9277E /* icon_airplane.png in Resources */ = {isa = PBXBuildFile; fileRef = B6DA94F126BC1EDB00E9277E /* icon_airplane.png */; };
		B6DA950326BC1EDB00E9277E /* img5.jpg in Resources */ = {isa = PBXBuildFile; fileRef = B6DA94F226BC1EDB00E9277E /* img5.jpg */; };
		B6DA950426BC1EDB00E9277E /* img4.jpg in Resources */ = {isa = PBXBuildFile; fileRef = B6DA94F326BC1EDB00E9277E /* img4.jpg */; };
		B6DA950526BC1EDB00E9277E /* img6.jpg in Resources */ = {isa = PBXBuildFile; fileRef = B6DA94F426BC1EDB00E9277E /* img6.jpg */; };
		B6DA950626BC1EDB00E9277E /* img7.jpg in Resources */ = {isa = PBXBuildFile; fileRef = B6DA94F526BC1EDB00E9277E /* img7.jpg */; };
		B6DA950726BC1EDB00E9277E /* img3.jpg in Resources */ = {isa = PBXBuildFile; fileRef = B6DA94F626BC1EDB00E9277E /* img3.jpg */; };
		B6DA950826BC1EDB00E9277E /* img2.jpg in Resources */ = {isa = PBXBuildFile; fileRef = B6DA94F726BC1EDB00E9277E /* img2.jpg */; };
		B6DA950926BC1EDB00E9277E /* icon_breakfast.png in Resources */ = {isa = PBXBuildFile; fileRef = B6DA94F826BC1EDB00E9277E /* icon_breakfast.png */; };
		B6DA950A26BC1EDB00E9277E /* img1.png in Resources */ = {isa = PBXBuildFile; fileRef = B6DA94F926BC1EDB00E9277E /* img1.png */; };
		B6DA950B26BC1EDB00E9277E /* img11.jpg in Resources */ = {isa = PBXBuildFile; fileRef = B6DA94FA26BC1EDB00E9277E /* img11.jpg */; };
		B6DA950C26BC1EDB00E9277E /* img10.jpg in Resources */ = {isa = PBXBuildFile; fileRef = B6DA94FB26BC1EDB00E9277E /* img10.jpg */; };
		B6DA950D26BC1EDB00E9277E /* icon_hotel.png in Resources */ = {isa = PBXBuildFile; fileRef = B6DA94FC26BC1EDB00E9277E /* icon_hotel.png */; };
		B6DA951026BC1F4900E9277E /* PacoteViagemDAO.swift in Sources */ = {isa = PBXBuildFile; fileRef = B6DA950F26BC1F4900E9277E /* PacoteViagemDAO.swift */; };
/* End PBXBuildFile section */

/* Begin PBXFileReference section */
		B60C7EF426B41BDA008F2F6B /* + Viagens.app */ = {isa = PBXFileReference; explicitFileType = wrapper.application; includeInIndex = 0; path = "+ Viagens.app"; sourceTree = BUILT_PRODUCTS_DIR; };
		B60C7EF726B41BDA008F2F6B /* AppDelegate.swift */ = {isa = PBXFileReference; lastKnownFileType = sourcecode.swift; path = AppDelegate.swift; sourceTree = "<group>"; };
		B60C7EF926B41BDA008F2F6B /* SceneDelegate.swift */ = {isa = PBXFileReference; lastKnownFileType = sourcecode.swift; path = SceneDelegate.swift; sourceTree = "<group>"; };
		B60C7EFB26B41BDA008F2F6B /* ViewController.swift */ = {isa = PBXFileReference; lastKnownFileType = sourcecode.swift; path = ViewController.swift; sourceTree = "<group>"; };
		B60C7EFE26B41BDA008F2F6B /* Base */ = {isa = PBXFileReference; lastKnownFileType = file.storyboard; name = Base; path = Base.lproj/Main.storyboard; sourceTree = "<group>"; };
		B60C7F0326B41BE3008F2F6B /* Base */ = {isa = PBXFileReference; lastKnownFileType = file.storyboard; name = Base; path = Base.lproj/LaunchScreen.storyboard; sourceTree = "<group>"; };
		B60C7F0526B41BE3008F2F6B /* Info.plist */ = {isa = PBXFileReference; lastKnownFileType = text.plist.xml; path = Info.plist; sourceTree = "<group>"; };
		B60C7F0C26B4331C008F2F6B /* Viagem.swift */ = {isa = PBXFileReference; lastKnownFileType = sourcecode.swift; path = Viagem.swift; sourceTree = "<group>"; };
		B60C7F1026B435A0008F2F6B /* ViagemDAO.swift */ = {isa = PBXFileReference; fileEncoding = 4; lastKnownFileType = sourcecode.swift; path = ViagemDAO.swift; sourceTree = "<group>"; };
		B60C7F1326B476C1008F2F6B /* TableViewCell.swift */ = {isa = PBXFileReference; lastKnownFileType = sourcecode.swift; path = TableViewCell.swift; sourceTree = "<group>"; };
		B64BD47126B95CF200E2BB66 /* PacotesViagemCollectionViewCell.swift */ = {isa = PBXFileReference; lastKnownFileType = sourcecode.swift; path = PacotesViagemCollectionViewCell.swift; sourceTree = "<group>"; };
		B66BB99E26B88654002F0E58 /* PacotesViagensViewController.swift */ = {isa = PBXFileReference; lastKnownFileType = sourcecode.swift; path = PacotesViagensViewController.swift; sourceTree = "<group>"; };
		B670CA4B26B770BF00C50D96 /* Assets.xcassets */ = {isa = PBXFileReference; lastKnownFileType = folder.assetcatalog; path = Assets.xcassets; sourceTree = "<group>"; };
		B6DA94E426BC0AEF00E9277E /* DetalhesViagensViewController.swift */ = {isa = PBXFileReference; lastKnownFileType = sourcecode.swift; path = DetalhesViagensViewController.swift; sourceTree = "<group>"; };
		B6DA94E826BC1B6400E9277E /* PacoteViagem.swift */ = {isa = PBXFileReference; lastKnownFileType = sourcecode.swift; path = PacoteViagem.swift; sourceTree = "<group>"; };
		B6DA94EC26BC1EDB00E9277E /* icon_back.png */ = {isa = PBXFileReference; lastKnownFileType = image.png; path = icon_back.png; sourceTree = "<group>"; };
		B6DA94ED26BC1EDB00E9277E /* icon_search@2x.png */ = {isa = PBXFileReference; lastKnownFileType = image.png; path = "icon_search@2x.png"; sourceTree = "<group>"; };
		B6DA94EE26BC1EDB00E9277E /* icon_package@2x.png */ = {isa = PBXFileReference; lastKnownFileType = image.png; path = "icon_package@2x.png"; sourceTree = "<group>"; };
		B6DA94EF26BC1EDB00E9277E /* img9.jpg */ = {isa = PBXFileReference; lastKnownFileType = image.jpeg; path = img9.jpg; sourceTree = "<group>"; };
		B6DA94F026BC1EDB00E9277E /* img8.jpg */ = {isa = PBXFileReference; lastKnownFileType = image.jpeg; path = img8.jpg; sourceTree = "<group>"; };
		B6DA94F126BC1EDB00E9277E /* icon_airplane.png */ = {isa = PBXFileReference; lastKnownFileType = image.png; path = icon_airplane.png; sourceTree = "<group>"; };
		B6DA94F226BC1EDB00E9277E /* img5.jpg */ = {isa = PBXFileReference; lastKnownFileType = image.jpeg; path = img5.jpg; sourceTree = "<group>"; };
		B6DA94F326BC1EDB00E9277E /* img4.jpg */ = {isa = PBXFileReference; lastKnownFileType = image.jpeg; path = img4.jpg; sourceTree = "<group>"; };
		B6DA94F426BC1EDB00E9277E /* img6.jpg */ = {isa = PBXFileReference; lastKnownFileType = image.jpeg; path = img6.jpg; sourceTree = "<group>"; };
		B6DA94F526BC1EDB00E9277E /* img7.jpg */ = {isa = PBXFileReference; lastKnownFileType = image.jpeg; path = img7.jpg; sourceTree = "<group>"; };
		B6DA94F626BC1EDB00E9277E /* img3.jpg */ = {isa = PBXFileReference; lastKnownFileType = image.jpeg; path = img3.jpg; sourceTree = "<group>"; };
		B6DA94F726BC1EDB00E9277E /* img2.jpg */ = {isa = PBXFileReference; lastKnownFileType = image.jpeg; path = img2.jpg; sourceTree = "<group>"; };
		B6DA94F826BC1EDB00E9277E /* icon_breakfast.png */ = {isa = PBXFileReference; lastKnownFileType = image.png; path = icon_breakfast.png; sourceTree = "<group>"; };
		B6DA94F926BC1EDB00E9277E /* img1.png */ = {isa = PBXFileReference; lastKnownFileType = image.png; path = img1.png; sourceTree = "<group>"; };
		B6DA94FA26BC1EDB00E9277E /* img11.jpg */ = {isa = PBXFileReference; lastKnownFileType = image.jpeg; path = img11.jpg; sourceTree = "<group>"; };
		B6DA94FB26BC1EDB00E9277E /* img10.jpg */ = {isa = PBXFileReference; lastKnownFileType = image.jpeg; path = img10.jpg; sourceTree = "<group>"; };
		B6DA94FC26BC1EDB00E9277E /* icon_hotel.png */ = {isa = PBXFileReference; lastKnownFileType = image.png; path = icon_hotel.png; sourceTree = "<group>"; };
		B6DA950F26BC1F4900E9277E /* PacoteViagemDAO.swift */ = {isa = PBXFileReference; fileEncoding = 4; lastKnownFileType = sourcecode.swift; path = PacoteViagemDAO.swift; sourceTree = SOURCE_ROOT; };
/* End PBXFileReference section */

/* Begin PBXFrameworksBuildPhase section */
		B60C7EF126B41BDA008F2F6B /* Frameworks */ = {
			isa = PBXFrameworksBuildPhase;
			buildActionMask = 2147483647;
			files = (
			);
			runOnlyForDeploymentPostprocessing = 0;
		};
/* End PBXFrameworksBuildPhase section */

/* Begin PBXGroup section */
		B60C7EEB26B41BDA008F2F6B = {
			isa = PBXGroup;
			children = (
				B60C7EF626B41BDA008F2F6B /* + Viagens */,
				B60C7EF526B41BDA008F2F6B /* Products */,
			);
			sourceTree = "<group>";
		};
		B60C7EF526B41BDA008F2F6B /* Products */ = {
			isa = PBXGroup;
			children = (
				B60C7EF426B41BDA008F2F6B /* + Viagens.app */,
			);
			name = Products;
			sourceTree = "<group>";
		};
		B60C7EF626B41BDA008F2F6B /* + Viagens */ = {
			isa = PBXGroup;
			children = (
				B60C7EF726B41BDA008F2F6B /* AppDelegate.swift */,
				B60C7EF926B41BDA008F2F6B /* SceneDelegate.swift */,
				B62C194A26B81C9B001C925B /* Model */,
				B62C194B26B81CD6001C925B /* Home */,
				B66BB99B26B885AF002F0E58 /* Pacotes */,
				B6DA94E026BC0A2A00E9277E /* DetalhesViagem */,
				B62C195026B81D85001C925B /* ViagemDAO */,
				B60C7EFD26B41BDA008F2F6B /* Main.storyboard */,
				B60C7F0226B41BE3008F2F6B /* LaunchScreen.storyboard */,
				B60C7F0526B41BE3008F2F6B /* Info.plist */,
				B6DA94EB26BC1EDB00E9277E /* Assets */,
				B670CA4B26B770BF00C50D96 /* Assets.xcassets */,
			);
			path = "+ Viagens";
			sourceTree = "<group>";
		};
		B62C194A26B81C9B001C925B /* Model */ = {
			isa = PBXGroup;
			children = (
				B60C7F0C26B4331C008F2F6B /* Viagem.swift */,
				B6DA94E826BC1B6400E9277E /* PacoteViagem.swift */,
			);
			path = Model;
			sourceTree = "<group>";
		};
		B62C194B26B81CD6001C925B /* Home */ = {
			isa = PBXGroup;
			children = (
				B62C194E26B81D4E001C925B /* View */,
				B62C194D26B81D2F001C925B /* Controller */,
			);
			path = Home;
			sourceTree = "<group>";
		};
		B62C194D26B81D2F001C925B /* Controller */ = {
			isa = PBXGroup;
			children = (
				B60C7EFB26B41BDA008F2F6B /* ViewController.swift */,
			);
			path = Controller;
			sourceTree = "<group>";
		};
		B62C194E26B81D4E001C925B /* View */ = {
			isa = PBXGroup;
			children = (
				B60C7F1326B476C1008F2F6B /* TableViewCell.swift */,
			);
			path = View;
			sourceTree = "<group>";
		};
		B62C195026B81D85001C925B /* ViagemDAO */ = {
			isa = PBXGroup;
			children = (
				B60C7F1026B435A0008F2F6B /* ViagemDAO.swift */,
				B6DA950F26BC1F4900E9277E /* PacoteViagemDAO.swift */,
			);
			path = ViagemDAO;
			sourceTree = "<group>";
		};
		B66BB99B26B885AF002F0E58 /* Pacotes */ = {
			isa = PBXGroup;
			children = (
				B66BB99D26B885EC002F0E58 /* View */,
				B66BB99C26B885E4002F0E58 /* controller */,
			);
			path = Pacotes;
			sourceTree = "<group>";
		};
		B66BB99C26B885E4002F0E58 /* controller */ = {
			isa = PBXGroup;
			children = (
				B66BB99E26B88654002F0E58 /* PacotesViagensViewController.swift */,
			);
			path = controller;
			sourceTree = "<group>";
		};
		B66BB99D26B885EC002F0E58 /* View */ = {
			isa = PBXGroup;
			children = (
				B64BD47126B95CF200E2BB66 /* PacotesViagemCollectionViewCell.swift */,
			);
			path = View;
			sourceTree = "<group>";
		};
		B6DA94E026BC0A2A00E9277E /* DetalhesViagem */ = {
			isa = PBXGroup;
			children = (
				B6DA94E326BC0A7C00E9277E /* controller */,
				B6DA94E126BC0A5C00E9277E /* view */,
			);
			path = DetalhesViagem;
			sourceTree = "<group>";
		};
		B6DA94E126BC0A5C00E9277E /* view */ = {
			isa = PBXGroup;
			children = (
			);
			path = view;
			sourceTree = "<group>";
		};
		B6DA94E326BC0A7C00E9277E /* controller */ = {
			isa = PBXGroup;
			children = (
				B6DA94E426BC0AEF00E9277E /* DetalhesViagensViewController.swift */,
			);
			path = controller;
			sourceTree = "<group>";
		};
		B6DA94EB26BC1EDB00E9277E /* Assets */ = {
			isa = PBXGroup;
			children = (
				B6DA94EC26BC1EDB00E9277E /* icon_back.png */,
				B6DA94ED26BC1EDB00E9277E /* icon_search@2x.png */,
				B6DA94EE26BC1EDB00E9277E /* icon_package@2x.png */,
				B6DA94EF26BC1EDB00E9277E /* img9.jpg */,
				B6DA94F026BC1EDB00E9277E /* img8.jpg */,
				B6DA94F126BC1EDB00E9277E /* icon_airplane.png */,
				B6DA94F226BC1EDB00E9277E /* img5.jpg */,
				B6DA94F326BC1EDB00E9277E /* img4.jpg */,
				B6DA94F426BC1EDB00E9277E /* img6.jpg */,
				B6DA94F526BC1EDB00E9277E /* img7.jpg */,
				B6DA94F626BC1EDB00E9277E /* img3.jpg */,
				B6DA94F726BC1EDB00E9277E /* img2.jpg */,
				B6DA94F826BC1EDB00E9277E /* icon_breakfast.png */,
				B6DA94F926BC1EDB00E9277E /* img1.png */,
				B6DA94FA26BC1EDB00E9277E /* img11.jpg */,
				B6DA94FB26BC1EDB00E9277E /* img10.jpg */,
				B6DA94FC26BC1EDB00E9277E /* icon_hotel.png */,
			);
			path = Assets;
			sourceTree = SOURCE_ROOT;
		};
/* End PBXGroup section */

/* Begin PBXNativeTarget section */
		B60C7EF326B41BDA008F2F6B /* + Viagens */ = {
			isa = PBXNativeTarget;
			buildConfigurationList = B60C7F0826B41BE3008F2F6B /* Build configuration list for PBXNativeTarget "+ Viagens" */;
			buildPhases = (
				B60C7EF026B41BDA008F2F6B /* Sources */,
				B60C7EF126B41BDA008F2F6B /* Frameworks */,
				B60C7EF226B41BDA008F2F6B /* Resources */,
			);
			buildRules = (
			);
			dependencies = (
			);
			name = "+ Viagens";
			productName = "+ Viagens";
			productReference = B60C7EF426B41BDA008F2F6B /* + Viagens.app */;
			productType = "com.apple.product-type.application";
		};
/* End PBXNativeTarget section */

/* Begin PBXProject section */
		B60C7EEC26B41BDA008F2F6B /* Project object */ = {
			isa = PBXProject;
			attributes = {
				LastSwiftUpdateCheck = 1220;
				LastUpgradeCheck = 1220;
				TargetAttributes = {
					B60C7EF326B41BDA008F2F6B = {
						CreatedOnToolsVersion = 12.2;
					};
				};
			};
			buildConfigurationList = B60C7EEF26B41BDA008F2F6B /* Build configuration list for PBXProject "+ Viagens" */;
			compatibilityVersion = "Xcode 9.3";
			developmentRegion = en;
			hasScannedForEncodings = 0;
			knownRegions = (
				en,
				Base,
			);
			mainGroup = B60C7EEB26B41BDA008F2F6B;
			productRefGroup = B60C7EF526B41BDA008F2F6B /* Products */;
			projectDirPath = "";
			projectRoot = "";
			targets = (
				B60C7EF326B41BDA008F2F6B /* + Viagens */,
			);
		};
/* End PBXProject section */

/* Begin PBXResourcesBuildPhase section */
		B60C7EF226B41BDA008F2F6B /* Resources */ = {
			isa = PBXResourcesBuildPhase;
			buildActionMask = 2147483647;
			files = (
				B6DA950926BC1EDB00E9277E /* icon_breakfast.png in Resources */,
				B6DA94FF26BC1EDB00E9277E /* icon_package@2x.png in Resources */,
				B6DA950826BC1EDB00E9277E /* img2.jpg in Resources */,
				B6DA950426BC1EDB00E9277E /* img4.jpg in Resources */,
				B6DA950326BC1EDB00E9277E /* img5.jpg in Resources */,
				B6DA950726BC1EDB00E9277E /* img3.jpg in Resources */,
				B60C7F0426B41BE3008F2F6B /* LaunchScreen.storyboard in Resources */,
				B6DA950A26BC1EDB00E9277E /* img1.png in Resources */,
				B6DA94FD26BC1EDB00E9277E /* icon_back.png in Resources */,
				B670CA4C26B770BF00C50D96 /* Assets.xcassets in Resources */,
				B6DA950126BC1EDB00E9277E /* img8.jpg in Resources */,
				B6DA950626BC1EDB00E9277E /* img7.jpg in Resources */,
				B60C7EFF26B41BDA008F2F6B /* Main.storyboard in Resources */,
				B6DA950C26BC1EDB00E9277E /* img10.jpg in Resources */,
				B6DA94FE26BC1EDB00E9277E /* icon_search@2x.png in Resources */,
				B6DA950226BC1EDB00E9277E /* icon_airplane.png in Resources */,
				B6DA950526BC1EDB00E9277E /* img6.jpg in Resources */,
				B6DA950D26BC1EDB00E9277E /* icon_hotel.png in Resources */,
				B6DA950026BC1EDB00E9277E /* img9.jpg in Resources */,
				B6DA950B26BC1EDB00E9277E /* img11.jpg in Resources */,
			);
			runOnlyForDeploymentPostprocessing = 0;
		};
/* End PBXResourcesBuildPhase section */

/* Begin PBXSourcesBuildPhase section */
		B60C7EF026B41BDA008F2F6B /* Sources */ = {
			isa = PBXSourcesBuildPhase;
			buildActionMask = 2147483647;
			files = (
				B66BB99F26B88654002F0E58 /* PacotesViagensViewController.swift in Sources */,
				B60C7F0D26B4331C008F2F6B /* Viagem.swift in Sources */,
				B60C7F1126B435A0008F2F6B /* ViagemDAO.swift in Sources */,
				B6DA94E526BC0AEF00E9277E /* DetalhesViagensViewController.swift in Sources */,
				B60C7EFC26B41BDA008F2F6B /* ViewController.swift in Sources */,
				B60C7F1426B476C2008F2F6B /* TableViewCell.swift in Sources */,
				B6DA94E926BC1B6400E9277E /* PacoteViagem.swift in Sources */,
				B60C7EF826B41BDA008F2F6B /* AppDelegate.swift in Sources */,
				B60C7EFA26B41BDA008F2F6B /* SceneDelegate.swift in Sources */,
				B6DA951026BC1F4900E9277E /* PacoteViagemDAO.swift in Sources */,
				B64BD47226B95CF200E2BB66 /* PacotesViagemCollectionViewCell.swift in Sources */,
			);
			runOnlyForDeploymentPostprocessing = 0;
		};
/* End PBXSourcesBuildPhase section */

/* Begin PBXVariantGroup section */
		B60C7EFD26B41BDA008F2F6B /* Main.storyboard */ = {
			isa = PBXVariantGroup;
			children = (
				B60C7EFE26B41BDA008F2F6B /* Base */,
			);
			name = Main.storyboard;
			sourceTree = "<group>";
		};
		B60C7F0226B41BE3008F2F6B /* LaunchScreen.storyboard */ = {
			isa = PBXVariantGroup;
			children = (
				B60C7F0326B41BE3008F2F6B /* Base */,
			);
			name = LaunchScreen.storyboard;
			sourceTree = "<group>";
		};
/* End PBXVariantGroup section */

/* Begin XCBuildConfiguration section */
		B60C7F0626B41BE3008F2F6B /* Debug */ = {
			isa = XCBuildConfiguration;
			buildSettings = {
				ALWAYS_SEARCH_USER_PATHS = NO;
				CLANG_ANALYZER_NONNULL = YES;
				CLANG_ANALYZER_NUMBER_OBJECT_CONVERSION = YES_AGGRESSIVE;
				CLANG_CXX_LANGUAGE_STANDARD = "gnu++14";
				CLANG_CXX_LIBRARY = "libc++";
				CLANG_ENABLE_MODULES = YES;
				CLANG_ENABLE_OBJC_ARC = YES;
				CLANG_ENABLE_OBJC_WEAK = YES;
				CLANG_WARN_BLOCK_CAPTURE_AUTORELEASING = YES;
				CLANG_WARN_BOOL_CONVERSION = YES;
				CLANG_WARN_COMMA = YES;
				CLANG_WARN_CONSTANT_CONVERSION = YES;
				CLANG_WARN_DEPRECATED_OBJC_IMPLEMENTATIONS = YES;
				CLANG_WARN_DIRECT_OBJC_ISA_USAGE = YES_ERROR;
				CLANG_WARN_DOCUMENTATION_COMMENTS = YES;
				CLANG_WARN_EMPTY_BODY = YES;
				CLANG_WARN_ENUM_CONVERSION = YES;
				CLANG_WARN_INFINITE_RECURSION = YES;
				CLANG_WARN_INT_CONVERSION = YES;
				CLANG_WARN_NON_LITERAL_NULL_CONVERSION = YES;
				CLANG_WARN_OBJC_IMPLICIT_RETAIN_SELF = YES;
				CLANG_WARN_OBJC_LITERAL_CONVERSION = YES;
				CLANG_WARN_OBJC_ROOT_CLASS = YES_ERROR;
				CLANG_WARN_QUOTED_INCLUDE_IN_FRAMEWORK_HEADER = YES;
				CLANG_WARN_RANGE_LOOP_ANALYSIS = YES;
				CLANG_WARN_STRICT_PROTOTYPES = YES;
				CLANG_WARN_SUSPICIOUS_MOVE = YES;
				CLANG_WARN_UNGUARDED_AVAILABILITY = YES_AGGRESSIVE;
				CLANG_WARN_UNREACHABLE_CODE = YES;
				CLANG_WARN__DUPLICATE_METHOD_MATCH = YES;
				COPY_PHASE_STRIP = NO;
				DEBUG_INFORMATION_FORMAT = dwarf;
				ENABLE_STRICT_OBJC_MSGSEND = YES;
				ENABLE_TESTABILITY = YES;
				GCC_C_LANGUAGE_STANDARD = gnu11;
				GCC_DYNAMIC_NO_PIC = NO;
				GCC_NO_COMMON_BLOCKS = YES;
				GCC_OPTIMIZATION_LEVEL = 0;
				GCC_PREPROCESSOR_DEFINITIONS = (
					"DEBUG=1",
					"$(inherited)",
				);
				GCC_WARN_64_TO_32_BIT_CONVERSION = YES;
				GCC_WARN_ABOUT_RETURN_TYPE = YES_ERROR;
				GCC_WARN_UNDECLARED_SELECTOR = YES;
				GCC_WARN_UNINITIALIZED_AUTOS = YES_AGGRESSIVE;
				GCC_WARN_UNUSED_FUNCTION = YES;
				GCC_WARN_UNUSED_VARIABLE = YES;
				IPHONEOS_DEPLOYMENT_TARGET = 14.2;
				MTL_ENABLE_DEBUG_INFO = INCLUDE_SOURCE;
				MTL_FAST_MATH = YES;
				ONLY_ACTIVE_ARCH = YES;
				SDKROOT = iphoneos;
				SWIFT_ACTIVE_COMPILATION_CONDITIONS = DEBUG;
				SWIFT_OPTIMIZATION_LEVEL = "-Onone";
			};
			name = Debug;
		};
		B60C7F0726B41BE3008F2F6B /* Release */ = {
			isa = XCBuildConfiguration;
			buildSettings = {
				ALWAYS_SEARCH_USER_PATHS = NO;
				CLANG_ANALYZER_NONNULL = YES;
				CLANG_ANALYZER_NUMBER_OBJECT_CONVERSION = YES_AGGRESSIVE;
				CLANG_CXX_LANGUAGE_STANDARD = "gnu++14";
				CLANG_CXX_LIBRARY = "libc++";
				CLANG_ENABLE_MODULES = YES;
				CLANG_ENABLE_OBJC_ARC = YES;
				CLANG_ENABLE_OBJC_WEAK = YES;
				CLANG_WARN_BLOCK_CAPTURE_AUTORELEASING = YES;
				CLANG_WARN_BOOL_CONVERSION = YES;
				CLANG_WARN_COMMA = YES;
				CLANG_WARN_CONSTANT_CONVERSION = YES;
				CLANG_WARN_DEPRECATED_OBJC_IMPLEMENTATIONS = YES;
				CLANG_WARN_DIRECT_OBJC_ISA_USAGE = YES_ERROR;
				CLANG_WARN_DOCUMENTATION_COMMENTS = YES;
				CLANG_WARN_EMPTY_BODY = YES;
				CLANG_WARN_ENUM_CONVERSION = YES;
				CLANG_WARN_INFINITE_RECURSION = YES;
				CLANG_WARN_INT_CONVERSION = YES;
				CLANG_WARN_NON_LITERAL_NULL_CONVERSION = YES;
				CLANG_WARN_OBJC_IMPLICIT_RETAIN_SELF = YES;
				CLANG_WARN_OBJC_LITERAL_CONVERSION = YES;
				CLANG_WARN_OBJC_ROOT_CLASS = YES_ERROR;
				CLANG_WARN_QUOTED_INCLUDE_IN_FRAMEWORK_HEADER = YES;
				CLANG_WARN_RANGE_LOOP_ANALYSIS = YES;
				CLANG_WARN_STRICT_PROTOTYPES = YES;
				CLANG_WARN_SUSPICIOUS_MOVE = YES;
				CLANG_WARN_UNGUARDED_AVAILABILITY = YES_AGGRESSIVE;
				CLANG_WARN_UNREACHABLE_CODE = YES;
				CLANG_WARN__DUPLICATE_METHOD_MATCH = YES;
				COPY_PHASE_STRIP = NO;
				DEBUG_INFORMATION_FORMAT = "dwarf-with-dsym";
				ENABLE_NS_ASSERTIONS = NO;
				ENABLE_STRICT_OBJC_MSGSEND = YES;
				GCC_C_LANGUAGE_STANDARD = gnu11;
				GCC_NO_COMMON_BLOCKS = YES;
				GCC_WARN_64_TO_32_BIT_CONVERSION = YES;
				GCC_WARN_ABOUT_RETURN_TYPE = YES_ERROR;
				GCC_WARN_UNDECLARED_SELECTOR = YES;
				GCC_WARN_UNINITIALIZED_AUTOS = YES_AGGRESSIVE;
				GCC_WARN_UNUSED_FUNCTION = YES;
				GCC_WARN_UNUSED_VARIABLE = YES;
				IPHONEOS_DEPLOYMENT_TARGET = 14.2;
				MTL_ENABLE_DEBUG_INFO = NO;
				MTL_FAST_MATH = YES;
				SDKROOT = iphoneos;
				SWIFT_COMPILATION_MODE = wholemodule;
				SWIFT_OPTIMIZATION_LEVEL = "-O";
				VALIDATE_PRODUCT = YES;
			};
			name = Release;
		};
		B60C7F0926B41BE3008F2F6B /* Debug */ = {
			isa = XCBuildConfiguration;
			buildSettings = {
				ASSETCATALOG_COMPILER_APPICON_NAME = AppIcon;
				ASSETCATALOG_COMPILER_GLOBAL_ACCENT_COLOR_NAME = AccentColor;
				CODE_SIGN_STYLE = Automatic;
				INFOPLIST_FILE = "+ Viagens/Info.plist";
				LD_RUNPATH_SEARCH_PATHS = (
					"$(inherited)",
					"@executable_path/Frameworks",
				);
				PRODUCT_BUNDLE_IDENTIFIER = "destruind.--Viagens";
				PRODUCT_NAME = "$(TARGET_NAME)";
				SWIFT_VERSION = 5.0;
				TARGETED_DEVICE_FAMILY = "1,2";
			};
			name = Debug;
		};
		B60C7F0A26B41BE3008F2F6B /* Release */ = {
			isa = XCBuildConfiguration;
			buildSettings = {
				ASSETCATALOG_COMPILER_APPICON_NAME = AppIcon;
				ASSETCATALOG_COMPILER_GLOBAL_ACCENT_COLOR_NAME = AccentColor;
				CODE_SIGN_STYLE = Automatic;
				INFOPLIST_FILE = "+ Viagens/Info.plist";
				LD_RUNPATH_SEARCH_PATHS = (
					"$(inherited)",
					"@executable_path/Frameworks",
				);
				PRODUCT_BUNDLE_IDENTIFIER = "destruind.--Viagens";
				PRODUCT_NAME = "$(TARGET_NAME)";
				SWIFT_VERSION = 5.0;
				TARGETED_DEVICE_FAMILY = "1,2";
			};
			name = Release;
		};
/* End XCBuildConfiguration section */

/* Begin XCConfigurationList section */
		B60C7EEF26B41BDA008F2F6B /* Build configuration list for PBXProject "+ Viagens" */ = {
			isa = XCConfigurationList;
			buildConfigurations = (
				B60C7F0626B41BE3008F2F6B /* Debug */,
				B60C7F0726B41BE3008F2F6B /* Release */,
			);
			defaultConfigurationIsVisible = 0;
			defaultConfigurationName = Release;
		};
		B60C7F0826B41BE3008F2F6B /* Build configuration list for PBXNativeTarget "+ Viagens" */ = {
			isa = XCConfigurationList;
			buildConfigurations = (
				B60C7F0926B41BE3008F2F6B /* Debug */,
				B60C7F0A26B41BE3008F2F6B /* Release */,
			);
			defaultConfigurationIsVisible = 0;
			defaultConfigurationName = Release;
		};
/* End XCConfigurationList section */
	};
	rootObject = B60C7EEC26B41BDA008F2F6B /* Project object */;
}
